
Microsoft Visual Studio Solution File, Format Version 12.00
# Visual Studio 2012
Project("{FAE04EC0-301F-11D3-BF4B-00C04F79EFBC}") = "ColeScraper(cs)", "ColeScraper(cs)\ColeScraper(cs).csproj", "{13DD5DD4-C4B1-4434-972C-78E0D75B1925}"
EndProject
Global
	GlobalSection(SolutionConfigurationPlatforms) = preSolution
		Debug|Any CPU = Debug|Any CPU
		Release|Any CPU = Release|Any CPU
	EndGlobalSection
	GlobalSection(ProjectConfigurationPlatforms) = postSolution
		{13DD5DD4-C4B1-4434-972C-78E0D75B1925}.Debug|Any CPU.ActiveCfg = Debug|Any CPU
		{13DD5DD4-C4B1-4434-972C-78E0D75B1925}.Debug|Any CPU.Build.0 = Debug|Any CPU
		{13DD5DD4-C4B1-4434-972C-78E0D75B1925}.Release|Any CPU.ActiveCfg = Release|Any CPU
		{13DD5DD4-C4B1-4434-972C-78E0D75B1925}.Release|Any CPU.Build.0 = Release|Any CPU
	EndGlobalSection
	GlobalSection(SolutionProperties) = preSolution
		HideSolutionNode = FALSE
	EndGlobalSection
EndGlobal
